// !$*UTF8*$!
{
	archiveVersion = 1;
	classes = {
	};
	objectVersion = 50;
	objects = {

/* Begin PBXBuildFile section */
		EA7DC82E20EE0AFD00F1EBC9 /* AppDelegate.swift in Sources */ = {isa = PBXBuildFile; fileRef = EA7DC82D20EE0AFD00F1EBC9 /* AppDelegate.swift */; };
		EA7DC83020EE0AFD00F1EBC9 /* ViewController.swift in Sources */ = {isa = PBXBuildFile; fileRef = EA7DC82F20EE0AFD00F1EBC9 /* ViewController.swift */; };
		EA7DC83320EE0AFD00F1EBC9 /* Main.storyboard in Resources */ = {isa = PBXBuildFile; fileRef = EA7DC83120EE0AFD00F1EBC9 /* Main.storyboard */; };
		EA7DC83520EE0AFF00F1EBC9 /* Assets.xcassets in Resources */ = {isa = PBXBuildFile; fileRef = EA7DC83420EE0AFF00F1EBC9 /* Assets.xcassets */; };
		EA7DC83820EE0AFF00F1EBC9 /* LaunchScreen.storyboard in Resources */ = {isa = PBXBuildFile; fileRef = EA7DC83620EE0AFF00F1EBC9 /* LaunchScreen.storyboard */; };
		EA7DC84320EE0AFF00F1EBC9 /* ChipsViewSampleTests.swift in Sources */ = {isa = PBXBuildFile; fileRef = EA7DC84220EE0AFF00F1EBC9 /* ChipsViewSampleTests.swift */; };
		EA7DC84E20EE0AFF00F1EBC9 /* ChipsViewSampleUITests.swift in Sources */ = {isa = PBXBuildFile; fileRef = EA7DC84D20EE0AFF00F1EBC9 /* ChipsViewSampleUITests.swift */; };
		EA7DC85C20EE0C3600F1EBC9 /* CartFile in Resources */ = {isa = PBXBuildFile; fileRef = EA7DC85B20EE0C3600F1EBC9 /* CartFile */; };
		EA7DC85F20EE0CD200F1EBC9 /* Prelude.framework in Frameworks */ = {isa = PBXBuildFile; fileRef = EA7DC85E20EE0CD200F1EBC9 /* Prelude.framework */; };
		EA7DC86320EE0DAD00F1EBC9 /* ChipCell.swift in Sources */ = {isa = PBXBuildFile; fileRef = EA7DC86220EE0DAD00F1EBC9 /* ChipCell.swift */; };
		EA7DC86520EE0DC300F1EBC9 /* ChipCell.xib in Resources */ = {isa = PBXBuildFile; fileRef = EA7DC86420EE0DC300F1EBC9 /* ChipCell.xib */; };
		EA7DC86820EE0EDE00F1EBC9 /* InspectableView.swift in Sources */ = {isa = PBXBuildFile; fileRef = EA7DC86720EE0EDE00F1EBC9 /* InspectableView.swift */; };
		EA7DC86A20EEEE5500F1EBC9 /* CollectionViewFlowLayoutLeftAlign.swift in Sources */ = {isa = PBXBuildFile; fileRef = EA7DC86920EEEE5500F1EBC9 /* CollectionViewFlowLayoutLeftAlign.swift */; };
		EA7DC86C20EF064400F1EBC9 /* cellTitleList.swift in Sources */ = {isa = PBXBuildFile; fileRef = EA7DC86B20EF064400F1EBC9 /* cellTitleList.swift */; };
		EA7DC86F20EF13C800F1EBC9 /* RxSwift.framework in Frameworks */ = {isa = PBXBuildFile; fileRef = EA7DC86D20EF13C800F1EBC9 /* RxSwift.framework */; };
		EA7DC87020EF13C800F1EBC9 /* RxCocoa.framework in Frameworks */ = {isa = PBXBuildFile; fileRef = EA7DC86E20EF13C800F1EBC9 /* RxCocoa.framework */; };
/* End PBXBuildFile section */

/* Begin PBXContainerItemProxy section */
		EA7DC83F20EE0AFF00F1EBC9 /* PBXContainerItemProxy */ = {
			isa = PBXContainerItemProxy;
			containerPortal = EA7DC82220EE0AFD00F1EBC9 /* Project object */;
			proxyType = 1;
			remoteGlobalIDString = EA7DC82920EE0AFD00F1EBC9;
			remoteInfo = ChipsViewSample;
		};
		EA7DC84A20EE0AFF00F1EBC9 /* PBXContainerItemProxy */ = {
			isa = PBXContainerItemProxy;
			containerPortal = EA7DC82220EE0AFD00F1EBC9 /* Project object */;
			proxyType = 1;
			remoteGlobalIDString = EA7DC82920EE0AFD00F1EBC9;
			remoteInfo = ChipsViewSample;
		};
/* End PBXContainerItemProxy section */

/* Begin PBXFileReference section */
		EA7DC82A20EE0AFD00F1EBC9 /* ChipsViewSample.app */ = {isa = PBXFileReference; explicitFileType = wrapper.application; includeInIndex = 0; path = ChipsViewSample.app; sourceTree = BUILT_PRODUCTS_DIR; };
		EA7DC82D20EE0AFD00F1EBC9 /* AppDelegate.swift */ = {isa = PBXFileReference; lastKnownFileType = sourcecode.swift; path = AppDelegate.swift; sourceTree = "<group>"; };
		EA7DC82F20EE0AFD00F1EBC9 /* ViewController.swift */ = {isa = PBXFileReference; lastKnownFileType = sourcecode.swift; path = ViewController.swift; sourceTree = "<group>"; };
		EA7DC83220EE0AFD00F1EBC9 /* Base */ = {isa = PBXFileReference; lastKnownFileType = file.storyboard; name = Base; path = Base.lproj/Main.storyboard; sourceTree = "<group>"; };
		EA7DC83420EE0AFF00F1EBC9 /* Assets.xcassets */ = {isa = PBXFileReference; lastKnownFileType = folder.assetcatalog; path = Assets.xcassets; sourceTree = "<group>"; };
		EA7DC83720EE0AFF00F1EBC9 /* Base */ = {isa = PBXFileReference; lastKnownFileType = file.storyboard; name = Base; path = Base.lproj/LaunchScreen.storyboard; sourceTree = "<group>"; };
		EA7DC83920EE0AFF00F1EBC9 /* Info.plist */ = {isa = PBXFileReference; lastKnownFileType = text.plist.xml; path = Info.plist; sourceTree = "<group>"; };
		EA7DC83E20EE0AFF00F1EBC9 /* ChipsViewSampleTests.xctest */ = {isa = PBXFileReference; explicitFileType = wrapper.cfbundle; includeInIndex = 0; path = ChipsViewSampleTests.xctest; sourceTree = BUILT_PRODUCTS_DIR; };
		EA7DC84220EE0AFF00F1EBC9 /* ChipsViewSampleTests.swift */ = {isa = PBXFileReference; lastKnownFileType = sourcecode.swift; path = ChipsViewSampleTests.swift; sourceTree = "<group>"; };
		EA7DC84420EE0AFF00F1EBC9 /* Info.plist */ = {isa = PBXFileReference; lastKnownFileType = text.plist.xml; path = Info.plist; sourceTree = "<group>"; };
		EA7DC84920EE0AFF00F1EBC9 /* ChipsViewSampleUITests.xctest */ = {isa = PBXFileReference; explicitFileType = wrapper.cfbundle; includeInIndex = 0; path = ChipsViewSampleUITests.xctest; sourceTree = BUILT_PRODUCTS_DIR; };
		EA7DC84D20EE0AFF00F1EBC9 /* ChipsViewSampleUITests.swift */ = {isa = PBXFileReference; lastKnownFileType = sourcecode.swift; path = ChipsViewSampleUITests.swift; sourceTree = "<group>"; };
		EA7DC84F20EE0AFF00F1EBC9 /* Info.plist */ = {isa = PBXFileReference; lastKnownFileType = text.plist.xml; path = Info.plist; sourceTree = "<group>"; };
		EA7DC85B20EE0C3600F1EBC9 /* CartFile */ = {isa = PBXFileReference; fileEncoding = 4; lastKnownFileType = text; path = CartFile; sourceTree = "<group>"; };
		EA7DC85E20EE0CD200F1EBC9 /* Prelude.framework */ = {isa = PBXFileReference; lastKnownFileType = wrapper.framework; name = Prelude.framework; path = Carthage/Build/iOS/Prelude.framework; sourceTree = "<group>"; };
		EA7DC86220EE0DAD00F1EBC9 /* ChipCell.swift */ = {isa = PBXFileReference; lastKnownFileType = sourcecode.swift; path = ChipCell.swift; sourceTree = "<group>"; };
		EA7DC86420EE0DC300F1EBC9 /* ChipCell.xib */ = {isa = PBXFileReference; lastKnownFileType = file.xib; path = ChipCell.xib; sourceTree = "<group>"; };
		EA7DC86720EE0EDE00F1EBC9 /* InspectableView.swift */ = {isa = PBXFileReference; fileEncoding = 4; lastKnownFileType = sourcecode.swift; path = InspectableView.swift; sourceTree = "<group>"; };
		EA7DC86920EEEE5500F1EBC9 /* CollectionViewFlowLayoutLeftAlign.swift */ = {isa = PBXFileReference; lastKnownFileType = sourcecode.swift; path = CollectionViewFlowLayoutLeftAlign.swift; sourceTree = "<group>"; };
		EA7DC86B20EF064400F1EBC9 /* cellTitleList.swift */ = {isa = PBXFileReference; lastKnownFileType = sourcecode.swift; path = cellTitleList.swift; sourceTree = "<group>"; };
		EA7DC86D20EF13C800F1EBC9 /* RxSwift.framework */ = {isa = PBXFileReference; lastKnownFileType = wrapper.framework; name = RxSwift.framework; path = Carthage/Build/iOS/RxSwift.framework; sourceTree = "<group>"; };
		EA7DC86E20EF13C800F1EBC9 /* RxCocoa.framework */ = {isa = PBXFileReference; lastKnownFileType = wrapper.framework; name = RxCocoa.framework; path = Carthage/Build/iOS/RxCocoa.framework; sourceTree = "<group>"; };
/* End PBXFileReference section */

/* Begin PBXFrameworksBuildPhase section */
		EA7DC82720EE0AFD00F1EBC9 /* Frameworks */ = {
			isa = PBXFrameworksBuildPhase;
			buildActionMask = 2147483647;
			files = (
				EA7DC86F20EF13C800F1EBC9 /* RxSwift.framework in Frameworks */,
				EA7DC87020EF13C800F1EBC9 /* RxCocoa.framework in Frameworks */,
				EA7DC85F20EE0CD200F1EBC9 /* Prelude.framework in Frameworks */,
			);
			runOnlyForDeploymentPostprocessing = 0;
		};
		EA7DC83B20EE0AFF00F1EBC9 /* Frameworks */ = {
			isa = PBXFrameworksBuildPhase;
			buildActionMask = 2147483647;
			files = (
			);
			runOnlyForDeploymentPostprocessing = 0;
		};
		EA7DC84620EE0AFF00F1EBC9 /* Frameworks */ = {
			isa = PBXFrameworksBuildPhase;
			buildActionMask = 2147483647;
			files = (
			);
			runOnlyForDeploymentPostprocessing = 0;
		};
/* End PBXFrameworksBuildPhase section */

/* Begin PBXGroup section */
		EA7DC82120EE0AFD00F1EBC9 = {
			isa = PBXGroup;
			children = (
				EA7DC82C20EE0AFD00F1EBC9 /* ChipsViewSample */,
				EA7DC84120EE0AFF00F1EBC9 /* ChipsViewSampleTests */,
				EA7DC84C20EE0AFF00F1EBC9 /* ChipsViewSampleUITests */,
				EA7DC82B20EE0AFD00F1EBC9 /* Products */,
				EA7DC85B20EE0C3600F1EBC9 /* CartFile */,
				EA7DC85D20EE0CD200F1EBC9 /* Frameworks */,
			);
			sourceTree = "<group>";
		};
		EA7DC82B20EE0AFD00F1EBC9 /* Products */ = {
			isa = PBXGroup;
			children = (
				EA7DC82A20EE0AFD00F1EBC9 /* ChipsViewSample.app */,
				EA7DC83E20EE0AFF00F1EBC9 /* ChipsViewSampleTests.xctest */,
				EA7DC84920EE0AFF00F1EBC9 /* ChipsViewSampleUITests.xctest */,
			);
			name = Products;
			sourceTree = "<group>";
		};
		EA7DC82C20EE0AFD00F1EBC9 /* ChipsViewSample */ = {
			isa = PBXGroup;
			children = (
				EA7DC82D20EE0AFD00F1EBC9 /* AppDelegate.swift */,
				EA7DC83120EE0AFD00F1EBC9 /* Main.storyboard */,
				EA7DC82F20EE0AFD00F1EBC9 /* ViewController.swift */,
				EA7DC86620EE0EB200F1EBC9 /* Util */,
				EA7DC86120EE0D9400F1EBC9 /* Cell */,
				EA7DC83420EE0AFF00F1EBC9 /* Assets.xcassets */,
				EA7DC83620EE0AFF00F1EBC9 /* LaunchScreen.storyboard */,
				EA7DC83920EE0AFF00F1EBC9 /* Info.plist */,
			);
			path = ChipsViewSample;
			sourceTree = "<group>";
		};
		EA7DC84120EE0AFF00F1EBC9 /* ChipsViewSampleTests */ = {
			isa = PBXGroup;
			children = (
				EA7DC84220EE0AFF00F1EBC9 /* ChipsViewSampleTests.swift */,
				EA7DC84420EE0AFF00F1EBC9 /* Info.plist */,
			);
			path = ChipsViewSampleTests;
			sourceTree = "<group>";
		};
		EA7DC84C20EE0AFF00F1EBC9 /* ChipsViewSampleUITests */ = {
			isa = PBXGroup;
			children = (
				EA7DC84D20EE0AFF00F1EBC9 /* ChipsViewSampleUITests.swift */,
				EA7DC84F20EE0AFF00F1EBC9 /* Info.plist */,
			);
			path = ChipsViewSampleUITests;
			sourceTree = "<group>";
		};
		EA7DC85D20EE0CD200F1EBC9 /* Frameworks */ = {
			isa = PBXGroup;
			children = (
				EA7DC86E20EF13C800F1EBC9 /* RxCocoa.framework */,
				EA7DC86D20EF13C800F1EBC9 /* RxSwift.framework */,
				EA7DC85E20EE0CD200F1EBC9 /* Prelude.framework */,
			);
			name = Frameworks;
			sourceTree = "<group>";
		};
		EA7DC86120EE0D9400F1EBC9 /* Cell */ = {
			isa = PBXGroup;
			children = (
				EA7DC86420EE0DC300F1EBC9 /* ChipCell.xib */,
				EA7DC86220EE0DAD00F1EBC9 /* ChipCell.swift */,
			);
			path = Cell;
			sourceTree = "<group>";
		};
		EA7DC86620EE0EB200F1EBC9 /* Util */ = {
			isa = PBXGroup;
			children = (
				EA7DC86920EEEE5500F1EBC9 /* CollectionViewFlowLayoutLeftAlign.swift */,
				EA7DC86720EE0EDE00F1EBC9 /* InspectableView.swift */,
				EA7DC86B20EF064400F1EBC9 /* cellTitleList.swift */,
			);
			path = Util;
			sourceTree = "<group>";
		};
/* End PBXGroup section */

/* Begin PBXNativeTarget section */
		EA7DC82920EE0AFD00F1EBC9 /* ChipsViewSample */ = {
			isa = PBXNativeTarget;
			buildConfigurationList = EA7DC85220EE0AFF00F1EBC9 /* Build configuration list for PBXNativeTarget "ChipsViewSample" */;
			buildPhases = (
				EA7DC82620EE0AFD00F1EBC9 /* Sources */,
				EA7DC82720EE0AFD00F1EBC9 /* Frameworks */,
				EA7DC82820EE0AFD00F1EBC9 /* Resources */,
				EA7DC86020EE0CDA00F1EBC9 /* Carthage */,
			);
			buildRules = (
			);
			dependencies = (
			);
			name = ChipsViewSample;
			productName = ChipsViewSample;
			productReference = EA7DC82A20EE0AFD00F1EBC9 /* ChipsViewSample.app */;
			productType = "com.apple.product-type.application";
		};
		EA7DC83D20EE0AFF00F1EBC9 /* ChipsViewSampleTests */ = {
			isa = PBXNativeTarget;
			buildConfigurationList = EA7DC85520EE0AFF00F1EBC9 /* Build configuration list for PBXNativeTarget "ChipsViewSampleTests" */;
			buildPhases = (
				EA7DC83A20EE0AFF00F1EBC9 /* Sources */,
				EA7DC83B20EE0AFF00F1EBC9 /* Frameworks */,
				EA7DC83C20EE0AFF00F1EBC9 /* Resources */,
			);
			buildRules = (
			);
			dependencies = (
				EA7DC84020EE0AFF00F1EBC9 /* PBXTargetDependency */,
			);
			name = ChipsViewSampleTests;
			productName = ChipsViewSampleTests;
			productReference = EA7DC83E20EE0AFF00F1EBC9 /* ChipsViewSampleTests.xctest */;
			productType = "com.apple.product-type.bundle.unit-test";
		};
		EA7DC84820EE0AFF00F1EBC9 /* ChipsViewSampleUITests */ = {
			isa = PBXNativeTarget;
			buildConfigurationList = EA7DC85820EE0AFF00F1EBC9 /* Build configuration list for PBXNativeTarget "ChipsViewSampleUITests" */;
			buildPhases = (
				EA7DC84520EE0AFF00F1EBC9 /* Sources */,
				EA7DC84620EE0AFF00F1EBC9 /* Frameworks */,
				EA7DC84720EE0AFF00F1EBC9 /* Resources */,
			);
			buildRules = (
			);
			dependencies = (
				EA7DC84B20EE0AFF00F1EBC9 /* PBXTargetDependency */,
			);
			name = ChipsViewSampleUITests;
			productName = ChipsViewSampleUITests;
			productReference = EA7DC84920EE0AFF00F1EBC9 /* ChipsViewSampleUITests.xctest */;
			productType = "com.apple.product-type.bundle.ui-testing";
		};
/* End PBXNativeTarget section */

/* Begin PBXProject section */
		EA7DC82220EE0AFD00F1EBC9 /* Project object */ = {
			isa = PBXProject;
			attributes = {
				LastSwiftUpdateCheck = 0940;
				LastUpgradeCheck = 0940;
				ORGANIZATIONNAME = "Masakazu Sano";
				TargetAttributes = {
					EA7DC82920EE0AFD00F1EBC9 = {
						CreatedOnToolsVersion = 9.4;
					};
					EA7DC83D20EE0AFF00F1EBC9 = {
						CreatedOnToolsVersion = 9.4;
						TestTargetID = EA7DC82920EE0AFD00F1EBC9;
					};
					EA7DC84820EE0AFF00F1EBC9 = {
						CreatedOnToolsVersion = 9.4;
						TestTargetID = EA7DC82920EE0AFD00F1EBC9;
					};
				};
			};
			buildConfigurationList = EA7DC82520EE0AFD00F1EBC9 /* Build configuration list for PBXProject "ChipsViewSample" */;
			compatibilityVersion = "Xcode 9.3";
			developmentRegion = en;
			hasScannedForEncodings = 0;
			knownRegions = (
				en,
				Base,
			);
			mainGroup = EA7DC82120EE0AFD00F1EBC9;
			productRefGroup = EA7DC82B20EE0AFD00F1EBC9 /* Products */;
			projectDirPath = "";
			projectRoot = "";
			targets = (
				EA7DC82920EE0AFD00F1EBC9 /* ChipsViewSample */,
				EA7DC83D20EE0AFF00F1EBC9 /* ChipsViewSampleTests */,
				EA7DC84820EE0AFF00F1EBC9 /* ChipsViewSampleUITests */,
			);
		};
/* End PBXProject section */

/* Begin PBXResourcesBuildPhase section */
		EA7DC82820EE0AFD00F1EBC9 /* Resources */ = {
			isa = PBXResourcesBuildPhase;
			buildActionMask = 2147483647;
			files = (
				EA7DC86520EE0DC300F1EBC9 /* ChipCell.xib in Resources */,
				EA7DC83820EE0AFF00F1EBC9 /* LaunchScreen.storyboard in Resources */,
				EA7DC83520EE0AFF00F1EBC9 /* Assets.xcassets in Resources */,
				EA7DC85C20EE0C3600F1EBC9 /* CartFile in Resources */,
				EA7DC83320EE0AFD00F1EBC9 /* Main.storyboard in Resources */,
			);
			runOnlyForDeploymentPostprocessing = 0;
		};
		EA7DC83C20EE0AFF00F1EBC9 /* Resources */ = {
			isa = PBXResourcesBuildPhase;
			buildActionMask = 2147483647;
			files = (
			);
			runOnlyForDeploymentPostprocessing = 0;
		};
		EA7DC84720EE0AFF00F1EBC9 /* Resources */ = {
			isa = PBXResourcesBuildPhase;
			buildActionMask = 2147483647;
			files = (
			);
			runOnlyForDeploymentPostprocessing = 0;
		};
/* End PBXResourcesBuildPhase section */

/* Begin PBXShellScriptBuildPhase section */
		EA7DC86020EE0CDA00F1EBC9 /* Carthage */ = {
			isa = PBXShellScriptBuildPhase;
			buildActionMask = 2147483647;
			files = (
			);
			inputPaths = (
				"$(SRCROOT)/Carthage/Build/iOS/Prelude.framework",
				"$(SRCROOT)/Carthage/Build/iOS/RxCocoa.framework",
				"$(SRCROOT)/Carthage/Build/iOS/RxSwift.framework",
			);
			name = Carthage;
			outputPaths = (
			);
			runOnlyForDeploymentPostprocessing = 0;
			shellPath = /bin/sh;
			shellScript = "/usr/local/bin/carthage copy-frameworks\n";
		};
/* End PBXShellScriptBuildPhase section */

/* Begin PBXSourcesBuildPhase section */
		EA7DC82620EE0AFD00F1EBC9 /* Sources */ = {
			isa = PBXSourcesBuildPhase;
			buildActionMask = 2147483647;
			files = (
				EA7DC86320EE0DAD00F1EBC9 /* ChipCell.swift in Sources */,
				EA7DC86820EE0EDE00F1EBC9 /* InspectableView.swift in Sources */,
				EA7DC86A20EEEE5500F1EBC9 /* CollectionViewFlowLayoutLeftAlign.swift in Sources */,
				EA7DC83020EE0AFD00F1EBC9 /* ViewController.swift in Sources */,
				EA7DC86C20EF064400F1EBC9 /* cellTitleList.swift in Sources */,
				EA7DC82E20EE0AFD00F1EBC9 /* AppDelegate.swift in Sources */,
			);
			runOnlyForDeploymentPostprocessing = 0;
		};
		EA7DC83A20EE0AFF00F1EBC9 /* Sources */ = {
			isa = PBXSourcesBuildPhase;
			buildActionMask = 2147483647;
			files = (
				EA7DC84320EE0AFF00F1EBC9 /* ChipsViewSampleTests.swift in Sources */,
			);
			runOnlyForDeploymentPostprocessing = 0;
		};
		EA7DC84520EE0AFF00F1EBC9 /* Sources */ = {
			isa = PBXSourcesBuildPhase;
			buildActionMask = 2147483647;
			files = (
				EA7DC84E20EE0AFF00F1EBC9 /* ChipsViewSampleUITests.swift in Sources */,
			);
			runOnlyForDeploymentPostprocessing = 0;
		};
/* End PBXSourcesBuildPhase section */

/* Begin PBXTargetDependency section */
		EA7DC84020EE0AFF00F1EBC9 /* PBXTargetDependency */ = {
			isa = PBXTargetDependency;
			target = EA7DC82920EE0AFD00F1EBC9 /* ChipsViewSample */;
			targetProxy = EA7DC83F20EE0AFF00F1EBC9 /* PBXContainerItemProxy */;
		};
		EA7DC84B20EE0AFF00F1EBC9 /* PBXTargetDependency */ = {
			isa = PBXTargetDependency;
			target = EA7DC82920EE0AFD00F1EBC9 /* ChipsViewSample */;
			targetProxy = EA7DC84A20EE0AFF00F1EBC9 /* PBXContainerItemProxy */;
		};
/* End PBXTargetDependency section */

/* Begin PBXVariantGroup section */
		EA7DC83120EE0AFD00F1EBC9 /* Main.storyboard */ = {
			isa = PBXVariantGroup;
			children = (
				EA7DC83220EE0AFD00F1EBC9 /* Base */,
			);
			name = Main.storyboard;
			sourceTree = "<group>";
		};
		EA7DC83620EE0AFF00F1EBC9 /* LaunchScreen.storyboard */ = {
			isa = PBXVariantGroup;
			children = (
				EA7DC83720EE0AFF00F1EBC9 /* Base */,
			);
			name = LaunchScreen.storyboard;
			sourceTree = "<group>";
		};
/* End PBXVariantGroup section */

/* Begin XCBuildConfiguration section */
		EA7DC85020EE0AFF00F1EBC9 /* Debug */ = {
			isa = XCBuildConfiguration;
			buildSettings = {
				ALWAYS_SEARCH_USER_PATHS = NO;
				CLANG_ANALYZER_NONNULL = YES;
				CLANG_ANALYZER_NUMBER_OBJECT_CONVERSION = YES_AGGRESSIVE;
				CLANG_CXX_LANGUAGE_STANDARD = "gnu++14";
				CLANG_CXX_LIBRARY = "libc++";
				CLANG_ENABLE_MODULES = YES;
				CLANG_ENABLE_OBJC_ARC = YES;
				CLANG_ENABLE_OBJC_WEAK = YES;
				CLANG_WARN_BLOCK_CAPTURE_AUTORELEASING = YES;
				CLANG_WARN_BOOL_CONVERSION = YES;
				CLANG_WARN_COMMA = YES;
				CLANG_WARN_CONSTANT_CONVERSION = YES;
				CLANG_WARN_DEPRECATED_OBJC_IMPLEMENTATIONS = YES;
				CLANG_WARN_DIRECT_OBJC_ISA_USAGE = YES_ERROR;
				CLANG_WARN_DOCUMENTATION_COMMENTS = YES;
				CLANG_WARN_EMPTY_BODY = YES;
				CLANG_WARN_ENUM_CONVERSION = YES;
				CLANG_WARN_INFINITE_RECURSION = YES;
				CLANG_WARN_INT_CONVERSION = YES;
				CLANG_WARN_NON_LITERAL_NULL_CONVERSION = YES;
				CLANG_WARN_OBJC_IMPLICIT_RETAIN_SELF = YES;
				CLANG_WARN_OBJC_LITERAL_CONVERSION = YES;
				CLANG_WARN_OBJC_ROOT_CLASS = YES_ERROR;
				CLANG_WARN_RANGE_LOOP_ANALYSIS = YES;
				CLANG_WARN_STRICT_PROTOTYPES = YES;
				CLANG_WARN_SUSPICIOUS_MOVE = YES;
				CLANG_WARN_UNGUARDED_AVAILABILITY = YES_AGGRESSIVE;
				CLANG_WARN_UNREACHABLE_CODE = YES;
				CLANG_WARN__DUPLICATE_METHOD_MATCH = YES;
				CODE_SIGN_IDENTITY = "iPhone Developer";
				COPY_PHASE_STRIP = NO;
				DEBUG_INFORMATION_FORMAT = dwarf;
				ENABLE_STRICT_OBJC_MSGSEND = YES;
				ENABLE_TESTABILITY = YES;
				GCC_C_LANGUAGE_STANDARD = gnu11;
				GCC_DYNAMIC_NO_PIC = NO;
				GCC_NO_COMMON_BLOCKS = YES;
				GCC_OPTIMIZATION_LEVEL = 0;
				GCC_PREPROCESSOR_DEFINITIONS = (
					"DEBUG=1",
					"$(inherited)",
				);
				GCC_WARN_64_TO_32_BIT_CONVERSION = YES;
				GCC_WARN_ABOUT_RETURN_TYPE = YES_ERROR;
				GCC_WARN_UNDECLARED_SELECTOR = YES;
				GCC_WARN_UNINITIALIZED_AUTOS = YES_AGGRESSIVE;
				GCC_WARN_UNUSED_FUNCTION = YES;
				GCC_WARN_UNUSED_VARIABLE = YES;
				IPHONEOS_DEPLOYMENT_TARGET = 11.4;
				MTL_ENABLE_DEBUG_INFO = YES;
				ONLY_ACTIVE_ARCH = YES;
				SDKROOT = iphoneos;
				SWIFT_ACTIVE_COMPILATION_CONDITIONS = DEBUG;
				SWIFT_OPTIMIZATION_LEVEL = "-Onone";
			};
			name = Debug;
		};
		EA7DC85120EE0AFF00F1EBC9 /* Release */ = {
			isa = XCBuildConfiguration;
			buildSettings = {
				ALWAYS_SEARCH_USER_PATHS = NO;
				CLANG_ANALYZER_NONNULL = YES;
				CLANG_ANALYZER_NUMBER_OBJECT_CONVERSION = YES_AGGRESSIVE;
				CLANG_CXX_LANGUAGE_STANDARD = "gnu++14";
				CLANG_CXX_LIBRARY = "libc++";
				CLANG_ENABLE_MODULES = YES;
				CLANG_ENABLE_OBJC_ARC = YES;
				CLANG_ENABLE_OBJC_WEAK = YES;
				CLANG_WARN_BLOCK_CAPTURE_AUTORELEASING = YES;
				CLANG_WARN_BOOL_CONVERSION = YES;
				CLANG_WARN_COMMA = YES;
				CLANG_WARN_CONSTANT_CONVERSION = YES;
				CLANG_WARN_DEPRECATED_OBJC_IMPLEMENTATIONS = YES;
				CLANG_WARN_DIRECT_OBJC_ISA_USAGE = YES_ERROR;
				CLANG_WARN_DOCUMENTATION_COMMENTS = YES;
				CLANG_WARN_EMPTY_BODY = YES;
				CLANG_WARN_ENUM_CONVERSION = YES;
				CLANG_WARN_INFINITE_RECURSION = YES;
				CLANG_WARN_INT_CONVERSION = YES;
				CLANG_WARN_NON_LITERAL_NULL_CONVERSION = YES;
				CLANG_WARN_OBJC_IMPLICIT_RETAIN_SELF = YES;
				CLANG_WARN_OBJC_LITERAL_CONVERSION = YES;
				CLANG_WARN_OBJC_ROOT_CLASS = YES_ERROR;
				CLANG_WARN_RANGE_LOOP_ANALYSIS = YES;
				CLANG_WARN_STRICT_PROTOTYPES = YES;
				CLANG_WARN_SUSPICIOUS_MOVE = YES;
				CLANG_WARN_UNGUARDED_AVAILABILITY = YES_AGGRESSIVE;
				CLANG_WARN_UNREACHABLE_CODE = YES;
				CLANG_WARN__DUPLICATE_METHOD_MATCH = YES;
				CODE_SIGN_IDENTITY = "iPhone Developer";
				COPY_PHASE_STRIP = NO;
				DEBUG_INFORMATION_FORMAT = "dwarf-with-dsym";
				ENABLE_NS_ASSERTIONS = NO;
				ENABLE_STRICT_OBJC_MSGSEND = YES;
				GCC_C_LANGUAGE_STANDARD = gnu11;
				GCC_NO_COMMON_BLOCKS = YES;
				GCC_WARN_64_TO_32_BIT_CONVERSION = YES;
				GCC_WARN_ABOUT_RETURN_TYPE = YES_ERROR;
				GCC_WARN_UNDECLARED_SELECTOR = YES;
				GCC_WARN_UNINITIALIZED_AUTOS = YES_AGGRESSIVE;
				GCC_WARN_UNUSED_FUNCTION = YES;
				GCC_WARN_UNUSED_VARIABLE = YES;
				IPHONEOS_DEPLOYMENT_TARGET = 11.4;
				MTL_ENABLE_DEBUG_INFO = NO;
				SDKROOT = iphoneos;
				SWIFT_COMPILATION_MODE = wholemodule;
				SWIFT_OPTIMIZATION_LEVEL = "-O";
				VALIDATE_PRODUCT = YES;
			};
			name = Release;
		};
		EA7DC85320EE0AFF00F1EBC9 /* Debug */ = {
			isa = XCBuildConfiguration;
			buildSettings = {
				ASSETCATALOG_COMPILER_APPICON_NAME = AppIcon;
				CODE_SIGN_STYLE = Automatic;
				DEVELOPMENT_TEAM = 3ZMTZ3U33V;
				FRAMEWORK_SEARCH_PATHS = (
					"$(inherited)",
					"$(PROJECT_DIR)/Carthage/Build/iOS",
				);
				INFOPLIST_FILE = ChipsViewSample/Info.plist;
				LD_RUNPATH_SEARCH_PATHS = (
					"$(inherited)",
					"@executable_path/Frameworks",
				);
				PRODUCT_BUNDLE_IDENTIFIER = cc.ka56cd.ChipsViewSample;
				PRODUCT_NAME = "$(TARGET_NAME)";
				SWIFT_VERSION = 4.0;
				TARGETED_DEVICE_FAMILY = "1,2";
			};
			name = Debug;
		};
		EA7DC85420EE0AFF00F1EBC9 /* Release */ = {
			isa = XCBuildConfiguration;
			buildSettings = {
				ASSETCATALOG_COMPILER_APPICON_NAME = AppIcon;
				CODE_SIGN_STYLE = Automatic;
				DEVELOPMENT_TEAM = 3ZMTZ3U33V;
				FRAMEWORK_SEARCH_PATHS = (
					"$(inherited)",
					"$(PROJECT_DIR)/Carthage/Build/iOS",
				);
				INFOPLIST_FILE = ChipsViewSample/Info.plist;
				LD_RUNPATH_SEARCH_PATHS = (
					"$(inherited)",
					"@executable_path/Frameworks",
				);
				PRODUCT_BUNDLE_IDENTIFIER = cc.ka56cd.ChipsViewSample;
				PRODUCT_NAME = "$(TARGET_NAME)";
				SWIFT_VERSION = 4.0;
				TARGETED_DEVICE_FAMILY = "1,2";
			};
			name = Release;
		};
		EA7DC85620EE0AFF00F1EBC9 /* Debug */ = {
			isa = XCBuildConfiguration;
			buildSettings = {
				ALWAYS_EMBED_SWIFT_STANDARD_LIBRARIES = YES;
				BUNDLE_LOADER = "$(TEST_HOST)";
				CODE_SIGN_STYLE = Automatic;
				DEVELOPMENT_TEAM = 3ZMTZ3U33V;
				INFOPLIST_FILE = ChipsViewSampleTests/Info.plist;
				LD_RUNPATH_SEARCH_PATHS = (
					"$(inherited)",
					"@executable_path/Frameworks",
					"@loader_path/Frameworks",
				);
				PRODUCT_BUNDLE_IDENTIFIER = cc.ka56cd.ChipsViewSampleTests;
				PRODUCT_NAME = "$(TARGET_NAME)";
				SWIFT_VERSION = 4.0;
				TARGETED_DEVICE_FAMILY = "1,2";
				TEST_HOST = "$(BUILT_PRODUCTS_DIR)/ChipsViewSample.app/ChipsViewSample";
			};
			name = Debug;
		};
		EA7DC85720EE0AFF00F1EBC9 /* Release */ = {
			isa = XCBuildConfiguration;
			buildSettings = {
				ALWAYS_EMBED_SWIFT_STANDARD_LIBRARIES = YES;
				BUNDLE_LOADER = "$(TEST_HOST)";
				CODE_SIGN_STYLE = Automatic;
				DEVELOPMENT_TEAM = 3ZMTZ3U33V;
				INFOPLIST_FILE = ChipsViewSampleTests/Info.plist;
				LD_RUNPATH_SEARCH_PATHS = (
					"$(inherited)",
					"@executable_path/Frameworks",
					"@loader_path/Frameworks",
				);
				PRODUCT_BUNDLE_IDENTIFIER = cc.ka56cd.ChipsViewSampleTests;
				PRODUCT_NAME = "$(TARGET_NAME)";
				SWIFT_VERSION = 4.0;
				TARGETED_DEVICE_FAMILY = "1,2";
				TEST_HOST = "$(BUILT_PRODUCTS_DIR)/ChipsViewSample.app/ChipsViewSample";
			};
			name = Release;
		};
		EA7DC85920EE0AFF00F1EBC9 /* Debug */ = {
			isa = XCBuildConfiguration;
			buildSettings = {
				ALWAYS_EMBED_SWIFT_STANDARD_LIBRARIES = YES;
				CODE_SIGN_STYLE = Automatic;
				DEVELOPMENT_TEAM = 3ZMTZ3U33V;
				INFOPLIST_FILE = ChipsViewSampleUITests/Info.plist;
				LD_RUNPATH_SEARCH_PATHS = (
					"$(inherited)",
					"@executable_path/Frameworks",
					"@loader_path/Frameworks",
				);
				PRODUCT_BUNDLE_IDENTIFIER = cc.ka56cd.ChipsViewSampleUITests;
				PRODUCT_NAME = "$(TARGET_NAME)";
				SWIFT_VERSION = 4.0;
				TARGETED_DEVICE_FAMILY = "1,2";
				TEST_TARGET_NAME = ChipsViewSample;
			};
			name = Debug;
		};
		EA7DC85A20EE0AFF00F1EBC9 /* Release */ = {
			isa = XCBuildConfiguration;
			buildSettings = {
				ALWAYS_EMBED_SWIFT_STANDARD_LIBRARIES = YES;
				CODE_SIGN_STYLE = Automatic;
				DEVELOPMENT_TEAM = 3ZMTZ3U33V;
				INFOPLIST_FILE = ChipsViewSampleUITests/Info.plist;
				LD_RUNPATH_SEARCH_PATHS = (
					"$(inherited)",
					"@executable_path/Frameworks",
					"@loader_path/Frameworks",
				);
				PRODUCT_BUNDLE_IDENTIFIER = cc.ka56cd.ChipsViewSampleUITests;
				PRODUCT_NAME = "$(TARGET_NAME)";
				SWIFT_VERSION = 4.0;
				TARGETED_DEVICE_FAMILY = "1,2";
				TEST_TARGET_NAME = ChipsViewSample;
			};
			name = Release;
		};
/* End XCBuildConfiguration section */

/* Begin XCConfigurationList section */
		EA7DC82520EE0AFD00F1EBC9 /* Build configuration list for PBXProject "ChipsViewSample" */ = {
			isa = XCConfigurationList;
			buildConfigurations = (
				EA7DC85020EE0AFF00F1EBC9 /* Debug */,
				EA7DC85120EE0AFF00F1EBC9 /* Release */,
			);
			defaultConfigurationIsVisible = 0;
			defaultConfigurationName = Release;
		};
		EA7DC85220EE0AFF00F1EBC9 /* Build configuration list for PBXNativeTarget "ChipsViewSample" */ = {
			isa = XCConfigurationList;
			buildConfigurations = (
				EA7DC85320EE0AFF00F1EBC9 /* Debug */,
				EA7DC85420EE0AFF00F1EBC9 /* Release */,
			);
			defaultConfigurationIsVisible = 0;
			defaultConfigurationName = Release;
		};
		EA7DC85520EE0AFF00F1EBC9 /* Build configuration list for PBXNativeTarget "ChipsViewSampleTests" */ = {
			isa = XCConfigurationList;
			buildConfigurations = (
				EA7DC85620EE0AFF00F1EBC9 /* Debug */,
				EA7DC85720EE0AFF00F1EBC9 /* Release */,
			);
			defaultConfigurationIsVisible = 0;
			defaultConfigurationName = Release;
		};
		EA7DC85820EE0AFF00F1EBC9 /* Build configuration list for PBXNativeTarget "ChipsViewSampleUITests" */ = {
			isa = XCConfigurationList;
			buildConfigurations = (
				EA7DC85920EE0AFF00F1EBC9 /* Debug */,
				EA7DC85A20EE0AFF00F1EBC9 /* Release */,
			);
			defaultConfigurationIsVisible = 0;
			defaultConfigurationName = Release;
		};
/* End XCConfigurationList section */
	};
	rootObject = EA7DC82220EE0AFD00F1EBC9 /* Project object */;
}
